PODS:
  - Bolts (1.8.4):
    - Bolts/AppLinks (= 1.8.4)
    - Bolts/Tasks (= 1.8.4)
  - Bolts/AppLinks (1.8.4):
    - Bolts/Tasks
  - Bolts/Tasks (1.8.4)
  - FBSDKCoreKit (4.20.1):
    - Bolts (~> 1.7)
  - FBSDKLoginKit (4.20.1):
    - FBSDKCoreKit
  - FBSDKShareKit (4.20.1):
    - FBSDKCoreKit

DEPENDENCIES:
  - FBSDKCoreKit
  - FBSDKLoginKit
  - FBSDKShareKit

SPEC CHECKSUMS:
  Bolts: 8a7995239dbe724f9cba2248b766d48b7ebdd322
  FBSDKCoreKit: 39a3569652983bf8666620dd334804c9057ae9b2
  FBSDKLoginKit: 17092ff61a18c54ca423aebc18c5acc2e5a4a728
  FBSDKShareKit: 4f37934d9ee9500d2d35752595816dc35f967478

PODFILE CHECKSUM: 489910e67a1ce350b477420a4226104a1534e01a

COCOAPODS: 1.2.0
